dependencies:
  esp-idf-lib/encoder:
    component_hash: 0ac3bb66deff664544512216b30b38f05c6c45f42329afb8f089d196a6c6d30c
    dependencies: []
    source:
      registry_url: https://components.espressif.com/
      type: service
    targets:
    - esp32
    - esp32c2
    - esp32c3
    - esp32c5
    - esp32c6
    - esp32c61
    - esp32h2
    - esp32p4
    - esp32s2
    - esp32s3
    version: 3.0.2
  idf:
    source:
      type: idf
    version: 5.5.2
direct_dependencies:
- esp-idf-lib/encoder
- idf
manifest_hash: 118871783f548bcaca10e8689038c72271b7174c99215dab9ae40b848b5fc052
target: esp32c3
version: 2.0.0
